
Microsoft Visual Studio Solution File, Format Version 12.00
# Visual Studio Version 16
VisualStudioVersion = 16.0.29519.181
MinimumVisualStudioVersion = 10.0.40219.1
Project("{FAE04EC0-301F-11D3-BF4B-00C04F79EFBC}") = "Software.Android", "Software\Software.Android\Software.Android.csproj", "{3A153938-0A0D-489A-A4C9-9AC896448E4A}"
EndProject
Project("{9A19103F-16F7-4668-BE54-9A1E7A4F7556}") = "Software", "Software\Software\Software.csproj", "{42E9DB82-598A-4EE4-8377-F8EB3DD31807}"
EndProject
Global
	GlobalSection(SolutionConfigurationPlatforms) = preSolution
		Debug|Any CPU = Debug|Any CPU
		Debug|iPhone = Debug|iPhone
		Debug|iPhoneSimulator = Debug|iPhoneSimulator
		Release|Any CPU = Release|Any CPU
		Release|iPhone = Release|iPhone
		Release|iPhoneSimulator = Release|iPhoneSimulator
	EndGlobalSection
	GlobalSection(ProjectConfigurationPlatforms) = postSolution
		{3A153938-0A0D-489A-A4C9-9AC896448E4A}.Debug|Any CPU.ActiveCfg = Debug|Any CPU
		{3A153938-0A0D-489A-A4C9-9AC896448E4A}.Debug|Any CPU.Build.0 = Debug|Any CPU
		{3A153938-0A0D-489A-A4C9-9AC896448E4A}.Debug|Any CPU.Deploy.0 = Debug|Any CPU
		{3A153938-0A0D-489A-A4C9-9AC896448E4A}.Debug|iPhone.ActiveCfg = Debug|Any CPU
		{3A153938-0A0D-489A-A4C9-9AC896448E4A}.Debug|iPhone.Build.0 = Debug|Any CPU
		{3A153938-0A0D-489A-A4C9-9AC896448E4A}.Debug|iPhone.Deploy.0 = Debug|Any CPU
		{3A153938-0A0D-489A-A4C9-9AC896448E4A}.Debug|iPhoneSimulator.ActiveCfg = Debug|Any CPU
		{3A153938-0A0D-489A-A4C9-9AC896448E4A}.Debug|iPhoneSimulator.Build.0 = Debug|Any CPU
		{3A153938-0A0D-489A-A4C9-9AC896448E4A}.Debug|iPhoneSimulator.Deploy.0 = Debug|Any CPU
		{3A153938-0A0D-489A-A4C9-9AC896448E4A}.Release|Any CPU.ActiveCfg = Release|Any CPU
		{3A153938-0A0D-489A-A4C9-9AC896448E4A}.Release|Any CPU.Build.0 = Release|Any CPU
		{3A153938-0A0D-489A-A4C9-9AC896448E4A}.Release|Any CPU.Deploy.0 = Release|Any CPU
		{3A153938-0A0D-489A-A4C9-9AC896448E4A}.Release|iPhone.ActiveCfg = Release|Any CPU
		{3A153938-0A0D-489A-A4C9-9AC896448E4A}.Release|iPhone.Build.0 = Release|Any CPU
		{3A153938-0A0D-489A-A4C9-9AC896448E4A}.Release|iPhone.Deploy.0 = Release|Any CPU
		{3A153938-0A0D-489A-A4C9-9AC896448E4A}.Release|iPhoneSimulator.ActiveCfg = Release|Any CPU
		{3A153938-0A0D-489A-A4C9-9AC896448E4A}.Release|iPhoneSimulator.Build.0 = Release|Any CPU
		{3A153938-0A0D-489A-A4C9-9AC896448E4A}.Release|iPhoneSimulator.Deploy.0 = Release|Any CPU
		{42E9DB82-598A-4EE4-8377-F8EB3DD31807}.Debug|Any CPU.ActiveCfg = Debug|Any CPU
		{42E9DB82-598A-4EE4-8377-F8EB3DD31807}.Debug|Any CPU.Build.0 = Debug|Any CPU
		{42E9DB82-598A-4EE4-8377-F8EB3DD31807}.Debug|Any CPU.Deploy.0 = Debug|Any CPU
		{42E9DB82-598A-4EE4-8377-F8EB3DD31807}.Debug|iPhone.ActiveCfg = Debug|Any CPU
		{42E9DB82-598A-4EE4-8377-F8EB3DD31807}.Debug|iPhone.Build.0 = Debug|Any CPU
		{42E9DB82-598A-4EE4-8377-F8EB3DD31807}.Debug|iPhone.Deploy.0 = Debug|Any CPU
		{42E9DB82-598A-4EE4-8377-F8EB3DD31807}.Debug|iPhoneSimulator.ActiveCfg = Debug|Any CPU
		{42E9DB82-598A-4EE4-8377-F8EB3DD31807}.Debug|iPhoneSimulator.Build.0 = Debug|Any CPU
		{42E9DB82-598A-4EE4-8377-F8EB3DD31807}.Debug|iPhoneSimulator.Deploy.0 = Debug|Any CPU
		{42E9DB82-598A-4EE4-8377-F8EB3DD31807}.Release|Any CPU.ActiveCfg = Release|Any CPU
		{42E9DB82-598A-4EE4-8377-F8EB3DD31807}.Release|Any CPU.Build.0 = Release|Any CPU
		{42E9DB82-598A-4EE4-8377-F8EB3DD31807}.Release|Any CPU.Deploy.0 = Release|Any CPU
		{42E9DB82-598A-4EE4-8377-F8EB3DD31807}.Release|iPhone.ActiveCfg = Release|Any CPU
		{42E9DB82-598A-4EE4-8377-F8EB3DD31807}.Release|iPhone.Build.0 = Release|Any CPU
		{42E9DB82-598A-4EE4-8377-F8EB3DD31807}.Release|iPhone.Deploy.0 = Release|Any CPU
		{42E9DB82-598A-4EE4-8377-F8EB3DD31807}.Release|iPhoneSimulator.ActiveCfg = Release|Any CPU
		{42E9DB82-598A-4EE4-8377-F8EB3DD31807}.Release|iPhoneSimulator.Build.0 = Release|Any CPU
		{42E9DB82-598A-4EE4-8377-F8EB3DD31807}.Release|iPhoneSimulator.Deploy.0 = Release|Any CPU
	EndGlobalSection
	GlobalSection(SolutionProperties) = preSolution
		HideSolutionNode = FALSE
	EndGlobalSection
	GlobalSection(ExtensibilityGlobals) = postSolution
		SolutionGuid = {B0C73FDD-09C9-467F-98FF-10A8E1A50A00}
	EndGlobalSection
EndGlobal
